
Microsoft Visual Studio Solution File, Format Version 12.00
# Visual Studio Version 16
VisualStudioVersion = 16.0.31624.102
MinimumVisualStudioVersion = 10.0.40219.1
Project("{8BC9CEB8-8B4A-11D0-8D11-00A0C91BC942}") = "C_GAME_GREEDY_SNAKE", "C_GAME_GREEDY_SNAKE.vcxproj", "{3FE5A407-5F23-4F8A-82EB-833E146A95D9}"
EndProject
Global
	GlobalSection(SolutionConfigurationPlatforms) = preSolution
		Debug|x64 = Debug|x64
		Debug|x86 = Debug|x86
		Release|x64 = Release|x64
		Release|x86 = Release|x86
	EndGlobalSection
	GlobalSection(ProjectConfigurationPlatforms) = postSolution
		{3FE5A407-5F23-4F8A-82EB-833E146A95D9}.Debug|x64.ActiveCfg = Debug|x64
		{3FE5A407-5F23-4F8A-82EB-833E146A95D9}.Debug|x64.Build.0 = Debug|x64
		{3FE5A407-5F23-4F8A-82EB-833E146A95D9}.Debug|x86.ActiveCfg = Debug|Win32
		{3FE5A407-5F23-4F8A-82EB-833E146A95D9}.Debug|x86.Build.0 = Debug|Win32
		{3FE5A407-5F23-4F8A-82EB-833E146A95D9}.Release|x64.ActiveCfg = Release|x64
		{3FE5A407-5F23-4F8A-82EB-833E146A95D9}.Release|x64.Build.0 = Release|x64
		{3FE5A407-5F23-4F8A-82EB-833E146A95D9}.Release|x86.ActiveCfg = Release|Win32
		{3FE5A407-5F23-4F8A-82EB-833E146A95D9}.Release|x86.Build.0 = Release|Win32
	EndGlobalSection
	GlobalSection(SolutionProperties) = preSolution
		HideSolutionNode = FALSE
	EndGlobalSection
	GlobalSection(ExtensibilityGlobals) = postSolution
		SolutionGuid = {EE50A870-A5FB-4C7E-A0C0-CFC83DE4B501}
	EndGlobalSection
EndGlobal
